
Microsoft Visual Studio Solution File, Format Version 12.00
# Visual Studio 2013
VisualStudioVersion = 12.0.21005.1
MinimumVisualStudioVersion = 10.0.40219.1
Project("{FAE04EC0-301F-11D3-BF4B-00C04F79EFBC}") = "AbstractLab", "AbstractLab\AbstractLab.csproj", "{7EBE9682-A8A7-401A-BD9C-B374D9E456A2}"
EndProject
Project("{FAE04EC0-301F-11D3-BF4B-00C04F79EFBC}") = "AbstractTest", "AbstractTest\AbstractTest.csproj", "{2DA13F93-9E73-4E32-8BE4-D2D02E8020E4}"
EndProject
Global
	GlobalSection(SolutionConfigurationPlatforms) = preSolution
		Debug|Any CPU = Debug|Any CPU
		Release|Any CPU = Release|Any CPU
	EndGlobalSection
	GlobalSection(ProjectConfigurationPlatforms) = postSolution
		{7EBE9682-A8A7-401A-BD9C-B374D9E456A2}.Debug|Any CPU.ActiveCfg = Debug|Any CPU
		{7EBE9682-A8A7-401A-BD9C-B374D9E456A2}.Debug|Any CPU.Build.0 = Debug|Any CPU
		{7EBE9682-A8A7-401A-BD9C-B374D9E456A2}.Release|Any CPU.ActiveCfg = Release|Any CPU
		{7EBE9682-A8A7-401A-BD9C-B374D9E456A2}.Release|Any CPU.Build.0 = Release|Any CPU
		{2DA13F93-9E73-4E32-8BE4-D2D02E8020E4}.Debug|Any CPU.ActiveCfg = Debug|Any CPU
		{2DA13F93-9E73-4E32-8BE4-D2D02E8020E4}.Debug|Any CPU.Build.0 = Debug|Any CPU
		{2DA13F93-9E73-4E32-8BE4-D2D02E8020E4}.Release|Any CPU.ActiveCfg = Release|Any CPU
		{2DA13F93-9E73-4E32-8BE4-D2D02E8020E4}.Release|Any CPU.Build.0 = Release|Any CPU
	EndGlobalSection
	GlobalSection(SolutionProperties) = preSolution
		HideSolutionNode = FALSE
	EndGlobalSection
EndGlobal
